// !$*UTF8*$!
{
	archiveVersion = 1;
	classes = {
	};
	objectVersion = 46;
	objects = {

/* Begin PBXBuildFile section */
		194D64DF1978344C0053E433 /* AddQuestionVC.swift in Sources */ = {isa = PBXBuildFile; fileRef = 194D64DE1978344C0053E433 /* AddQuestionVC.swift */; };
		194D64E11978349D0053E433 /* ExternalController.swift in Sources */ = {isa = PBXBuildFile; fileRef = 194D64E01978349D0053E433 /* ExternalController.swift */; };
		19848BCE197440AA00AFCAF5 /* AppDelegate.swift in Sources */ = {isa = PBXBuildFile; fileRef = 19848BCD197440AA00AFCAF5 /* AppDelegate.swift */; };
		19848BD0197440AA00AFCAF5 /* ViewController.swift in Sources */ = {isa = PBXBuildFile; fileRef = 19848BCF197440AA00AFCAF5 /* ViewController.swift */; };
		19848BD3197440AA00AFCAF5 /* Main.storyboard in Resources */ = {isa = PBXBuildFile; fileRef = 19848BD1197440AA00AFCAF5 /* Main.storyboard */; };
		19848BD5197440AA00AFCAF5 /* Images.xcassets in Resources */ = {isa = PBXBuildFile; fileRef = 19848BD4197440AA00AFCAF5 /* Images.xcassets */; };
		19848BE1197440AA00AFCAF5 /* externalDisplayTests.swift in Sources */ = {isa = PBXBuildFile; fileRef = 19848BE0197440AA00AFCAF5 /* externalDisplayTests.swift */; };
		198E5258197F125300320710 /* ActionsViewController.swift in Sources */ = {isa = PBXBuildFile; fileRef = 198E5257197F125300320710 /* ActionsViewController.swift */; };
		19CB45071974848E00C8916A /* CloudKit.framework in Frameworks */ = {isa = PBXBuildFile; fileRef = 19CB45061974848E00C8916A /* CloudKit.framework */; };
/* End PBXBuildFile section */

/* Begin PBXContainerItemProxy section */
		19848BDB197440AA00AFCAF5 /* PBXContainerItemProxy */ = {
			isa = PBXContainerItemProxy;
			containerPortal = 19848BC0197440AA00AFCAF5 /* Project object */;
			proxyType = 1;
			remoteGlobalIDString = 19848BC7197440AA00AFCAF5;
			remoteInfo = externalDisplay;
		};
/* End PBXContainerItemProxy section */

/* Begin PBXFileReference section */
		194D64DE1978344C0053E433 /* AddQuestionVC.swift */ = {isa = PBXFileReference; fileEncoding = 4; lastKnownFileType = sourcecode.swift; path = AddQuestionVC.swift; sourceTree = "<group>"; };
		194D64E01978349D0053E433 /* ExternalController.swift */ = {isa = PBXFileReference; fileEncoding = 4; lastKnownFileType = sourcecode.swift; path = ExternalController.swift; sourceTree = "<group>"; };
		19848BC8197440AA00AFCAF5 /* externalDisplay.app */ = {isa = PBXFileReference; explicitFileType = wrapper.application; includeInIndex = 0; path = externalDisplay.app; sourceTree = BUILT_PRODUCTS_DIR; };
		19848BCC197440AA00AFCAF5 /* Info.plist */ = {isa = PBXFileReference; lastKnownFileType = text.plist.xml; path = Info.plist; sourceTree = "<group>"; };
		19848BCD197440AA00AFCAF5 /* AppDelegate.swift */ = {isa = PBXFileReference; lastKnownFileType = sourcecode.swift; path = AppDelegate.swift; sourceTree = "<group>"; };
		19848BCF197440AA00AFCAF5 /* ViewController.swift */ = {isa = PBXFileReference; lastKnownFileType = sourcecode.swift; path = ViewController.swift; sourceTree = "<group>"; };
		19848BD2197440AA00AFCAF5 /* Base */ = {isa = PBXFileReference; lastKnownFileType = file.storyboard; name = Base; path = Base.lproj/Main.storyboard; sourceTree = "<group>"; };
		19848BD4197440AA00AFCAF5 /* Images.xcassets */ = {isa = PBXFileReference; lastKnownFileType = folder.assetcatalog; path = Images.xcassets; sourceTree = "<group>"; };
		19848BDA197440AA00AFCAF5 /* externalDisplayTests.xctest */ = {isa = PBXFileReference; explicitFileType = wrapper.cfbundle; includeInIndex = 0; path = externalDisplayTests.xctest; sourceTree = BUILT_PRODUCTS_DIR; };
		19848BDF197440AA00AFCAF5 /* Info.plist */ = {isa = PBXFileReference; lastKnownFileType = text.plist.xml; path = Info.plist; sourceTree = "<group>"; };
		19848BE0197440AA00AFCAF5 /* externalDisplayTests.swift */ = {isa = PBXFileReference; lastKnownFileType = sourcecode.swift; path = externalDisplayTests.swift; sourceTree = "<group>"; };
		198E5257197F125300320710 /* ActionsViewController.swift */ = {isa = PBXFileReference; fileEncoding = 4; lastKnownFileType = sourcecode.swift; path = ActionsViewController.swift; sourceTree = "<group>"; };
		19CB45051974847F00C8916A /* externalDisplay.entitlements */ = {isa = PBXFileReference; lastKnownFileType = text.xml; path = externalDisplay.entitlements; sourceTree = "<group>"; };
		19CB45061974848E00C8916A /* CloudKit.framework */ = {isa = PBXFileReference; lastKnownFileType = wrapper.framework; name = CloudKit.framework; path = System/Library/Frameworks/CloudKit.framework; sourceTree = SDKROOT; };
/* End PBXFileReference section */

/* Begin PBXFrameworksBuildPhase section */
		19848BC5197440AA00AFCAF5 /* Frameworks */ = {
			isa = PBXFrameworksBuildPhase;
			buildActionMask = 2147483647;
			files = (
				19CB45071974848E00C8916A /* CloudKit.framework in Frameworks */,
			);
			runOnlyForDeploymentPostprocessing = 0;
		};
		19848BD7197440AA00AFCAF5 /* Frameworks */ = {
			isa = PBXFrameworksBuildPhase;
			buildActionMask = 2147483647;
			files = (
			);
			runOnlyForDeploymentPostprocessing = 0;
		};
/* End PBXFrameworksBuildPhase section */

/* Begin PBXGroup section */
		19848BBF197440AA00AFCAF5 = {
			isa = PBXGroup;
			children = (
				19CB45061974848E00C8916A /* CloudKit.framework */,
				19848BCA197440AA00AFCAF5 /* externalDisplay */,
				19848BDD197440AA00AFCAF5 /* externalDisplayTests */,
				19848BC9197440AA00AFCAF5 /* Products */,
			);
			sourceTree = "<group>";
		};
		19848BC9197440AA00AFCAF5 /* Products */ = {
			isa = PBXGroup;
			children = (
				19848BC8197440AA00AFCAF5 /* externalDisplay.app */,
				19848BDA197440AA00AFCAF5 /* externalDisplayTests.xctest */,
			);
			name = Products;
			sourceTree = "<group>";
		};
		19848BCA197440AA00AFCAF5 /* externalDisplay */ = {
			isa = PBXGroup;
			children = (
				19CB45051974847F00C8916A /* externalDisplay.entitlements */,
				198E5257197F125300320710 /* ActionsViewController.swift */,
				19848BCD197440AA00AFCAF5 /* AppDelegate.swift */,
				19848BCF197440AA00AFCAF5 /* ViewController.swift */,
				194D64DE1978344C0053E433 /* AddQuestionVC.swift */,
				194D64E01978349D0053E433 /* ExternalController.swift */,
				19848BD1197440AA00AFCAF5 /* Main.storyboard */,
				19848BD4197440AA00AFCAF5 /* Images.xcassets */,
				19848BCB197440AA00AFCAF5 /* Supporting Files */,
			);
			path = externalDisplay;
			sourceTree = "<group>";
		};
		19848BCB197440AA00AFCAF5 /* Supporting Files */ = {
			isa = PBXGroup;
			children = (
				19848BCC197440AA00AFCAF5 /* Info.plist */,
			);
			name = "Supporting Files";
			sourceTree = "<group>";
		};
		19848BDD197440AA00AFCAF5 /* externalDisplayTests */ = {
			isa = PBXGroup;
			children = (
				19848BE0197440AA00AFCAF5 /* externalDisplayTests.swift */,
				19848BDE197440AA00AFCAF5 /* Supporting Files */,
			);
			path = externalDisplayTests;
			sourceTree = "<group>";
		};
		19848BDE197440AA00AFCAF5 /* Supporting Files */ = {
			isa = PBXGroup;
			children = (
				19848BDF197440AA00AFCAF5 /* Info.plist */,
			);
			name = "Supporting Files";
			sourceTree = "<group>";
		};
/* End PBXGroup section */

/* Begin PBXNativeTarget section */
		19848BC7197440AA00AFCAF5 /* externalDisplay */ = {
			isa = PBXNativeTarget;
			buildConfigurationList = 19848BE4197440AA00AFCAF5 /* Build configuration list for PBXNativeTarget "externalDisplay" */;
			buildPhases = (
				19848BC4197440AA00AFCAF5 /* Sources */,
				19848BC5197440AA00AFCAF5 /* Frameworks */,
				19848BC6197440AA00AFCAF5 /* Resources */,
			);
			buildRules = (
			);
			dependencies = (
			);
			name = externalDisplay;
			productName = externalDisplay;
			productReference = 19848BC8197440AA00AFCAF5 /* externalDisplay.app */;
			productType = "com.apple.product-type.application";
		};
		19848BD9197440AA00AFCAF5 /* externalDisplayTests */ = {
			isa = PBXNativeTarget;
			buildConfigurationList = 19848BE7197440AA00AFCAF5 /* Build configuration list for PBXNativeTarget "externalDisplayTests" */;
			buildPhases = (
				19848BD6197440AA00AFCAF5 /* Sources */,
				19848BD7197440AA00AFCAF5 /* Frameworks */,
				19848BD8197440AA00AFCAF5 /* Resources */,
			);
			buildRules = (
			);
			dependencies = (
				19848BDC197440AA00AFCAF5 /* PBXTargetDependency */,
			);
			name = externalDisplayTests;
			productName = externalDisplayTests;
			productReference = 19848BDA197440AA00AFCAF5 /* externalDisplayTests.xctest */;
			productType = "com.apple.product-type.bundle.unit-test";
		};
/* End PBXNativeTarget section */

/* Begin PBXProject section */
		19848BC0197440AA00AFCAF5 /* Project object */ = {
			isa = PBXProject;
			attributes = {
				LastUpgradeCheck = 0600;
				ORGANIZATIONNAME = "Mobile Makers";
				TargetAttributes = {
					19848BC7197440AA00AFCAF5 = {
						CreatedOnToolsVersion = 6.0;
						DevelopmentTeam = H7J6Q2P9L7;
						SystemCapabilities = {
							com.apple.iCloud = {
								enabled = 1;
							};
						};
					};
					19848BD9197440AA00AFCAF5 = {
						CreatedOnToolsVersion = 6.0;
						TestTargetID = 19848BC7197440AA00AFCAF5;
					};
				};
			};
			buildConfigurationList = 19848BC3197440AA00AFCAF5 /* Build configuration list for PBXProject "externalDisplay" */;
			compatibilityVersion = "Xcode 3.2";
			developmentRegion = English;
			hasScannedForEncodings = 0;
			knownRegions = (
				en,
				Base,
			);
			mainGroup = 19848BBF197440AA00AFCAF5;
			productRefGroup = 19848BC9197440AA00AFCAF5 /* Products */;
			projectDirPath = "";
			projectRoot = "";
			targets = (
				19848BC7197440AA00AFCAF5 /* externalDisplay */,
				19848BD9197440AA00AFCAF5 /* externalDisplayTests */,
			);
		};
/* End PBXProject section */

/* Begin PBXResourcesBuildPhase section */
		19848BC6197440AA00AFCAF5 /* Resources */ = {
			isa = PBXResourcesBuildPhase;
			buildActionMask = 2147483647;
			files = (
				19848BD3197440AA00AFCAF5 /* Main.storyboard in Resources */,
				19848BD5197440AA00AFCAF5 /* Images.xcassets in Resources */,
			);
			runOnlyForDeploymentPostprocessing = 0;
		};
		19848BD8197440AA00AFCAF5 /* Resources */ = {
			isa = PBXResourcesBuildPhase;
			buildActionMask = 2147483647;
			files = (
			);
			runOnlyForDeploymentPostprocessing = 0;
		};
/* End PBXResourcesBuildPhase section */

/* Begin PBXSourcesBuildPhase section */
		19848BC4197440AA00AFCAF5 /* Sources */ = {
			isa = PBXSourcesBuildPhase;
			buildActionMask = 2147483647;
			files = (
				19848BD0197440AA00AFCAF5 /* ViewController.swift in Sources */,
				194D64DF1978344C0053E433 /* AddQuestionVC.swift in Sources */,
				194D64E11978349D0053E433 /* ExternalController.swift in Sources */,
				198E5258197F125300320710 /* ActionsViewController.swift in Sources */,
				19848BCE197440AA00AFCAF5 /* AppDelegate.swift in Sources */,
			);
			runOnlyForDeploymentPostprocessing = 0;
		};
		19848BD6197440AA00AFCAF5 /* Sources */ = {
			isa = PBXSourcesBuildPhase;
			buildActionMask = 2147483647;
			files = (
				19848BE1197440AA00AFCAF5 /* externalDisplayTests.swift in Sources */,
			);
			runOnlyForDeploymentPostprocessing = 0;
		};
/* End PBXSourcesBuildPhase section */

/* Begin PBXTargetDependency section */
		19848BDC197440AA00AFCAF5 /* PBXTargetDependency */ = {
			isa = PBXTargetDependency;
			target = 19848BC7197440AA00AFCAF5 /* externalDisplay */;
			targetProxy = 19848BDB197440AA00AFCAF5 /* PBXContainerItemProxy */;
		};
/* End PBXTargetDependency section */

/* Begin PBXVariantGroup section */
		19848BD1197440AA00AFCAF5 /* Main.storyboard */ = {
			isa = PBXVariantGroup;
			children = (
				19848BD2197440AA00AFCAF5 /* Base */,
			);
			name = Main.storyboard;
			sourceTree = "<group>";
		};
/* End PBXVariantGroup section */

/* Begin XCBuildConfiguration section */
		19848BE2197440AA00AFCAF5 /* Debug */ = {
			isa = XCBuildConfiguration;
			buildSettings = {
				ALWAYS_SEARCH_USER_PATHS = NO;
				CLANG_CXX_LANGUAGE_STANDARD = "gnu++0x";
				CLANG_CXX_LIBRARY = "libc++";
				CLANG_ENABLE_MODULES = YES;
				CLANG_ENABLE_OBJC_ARC = YES;
				CLANG_WARN_BOOL_CONVERSION = YES;
				CLANG_WARN_CONSTANT_CONVERSION = YES;
				CLANG_WARN_DIRECT_OBJC_ISA_USAGE = YES_ERROR;
				CLANG_WARN_EMPTY_BODY = YES;
				CLANG_WARN_ENUM_CONVERSION = YES;
				CLANG_WARN_INT_CONVERSION = YES;
				CLANG_WARN_OBJC_ROOT_CLASS = YES_ERROR;
				CLANG_WARN_UNREACHABLE_CODE = YES;
				CLANG_WARN__DUPLICATE_METHOD_MATCH = YES;
				"CODE_SIGN_IDENTITY[sdk=iphoneos*]" = "iPhone Developer";
				COPY_PHASE_STRIP = NO;
				ENABLE_STRICT_OBJC_MSGSEND = YES;
				GCC_C_LANGUAGE_STANDARD = gnu99;
				GCC_DYNAMIC_NO_PIC = NO;
				GCC_OPTIMIZATION_LEVEL = 0;
				GCC_PREPROCESSOR_DEFINITIONS = (
					"DEBUG=1",
					"$(inherited)",
				);
				GCC_SYMBOLS_PRIVATE_EXTERN = NO;
				GCC_WARN_64_TO_32_BIT_CONVERSION = YES;
				GCC_WARN_ABOUT_RETURN_TYPE = YES_ERROR;
				GCC_WARN_UNDECLARED_SELECTOR = YES;
				GCC_WARN_UNINITIALIZED_AUTOS = YES_AGGRESSIVE;
				GCC_WARN_UNUSED_FUNCTION = YES;
				GCC_WARN_UNUSED_VARIABLE = YES;
				IPHONEOS_DEPLOYMENT_TARGET = 7.1;
				MTL_ENABLE_DEBUG_INFO = YES;
				ONLY_ACTIVE_ARCH = YES;
				SDKROOT = iphoneos;
				SWIFT_OPTIMIZATION_LEVEL = "-Onone";
				TARGETED_DEVICE_FAMILY = "1,2";
			};
			name = Debug;
		};
		19848BE3197440AA00AFCAF5 /* Release */ = {
			isa = XCBuildConfiguration;
			buildSettings = {
				ALWAYS_SEARCH_USER_PATHS = NO;
				CLANG_CXX_LANGUAGE_STANDARD = "gnu++0x";
				CLANG_CXX_LIBRARY = "libc++";
				CLANG_ENABLE_MODULES = YES;
				CLANG_ENABLE_OBJC_ARC = YES;
				CLANG_WARN_BOOL_CONVERSION = YES;
				CLANG_WARN_CONSTANT_CONVERSION = YES;
				CLANG_WARN_DIRECT_OBJC_ISA_USAGE = YES_ERROR;
				CLANG_WARN_EMPTY_BODY = YES;
				CLANG_WARN_ENUM_CONVERSION = YES;
				CLANG_WARN_INT_CONVERSION = YES;
				CLANG_WARN_OBJC_ROOT_CLASS = YES_ERROR;
				CLANG_WARN_UNREACHABLE_CODE = YES;
				CLANG_WARN__DUPLICATE_METHOD_MATCH = YES;
				"CODE_SIGN_IDENTITY[sdk=iphoneos*]" = "iPhone Developer";
				COPY_PHASE_STRIP = YES;
				ENABLE_NS_ASSERTIONS = NO;
				ENABLE_STRICT_OBJC_MSGSEND = YES;
				GCC_C_LANGUAGE_STANDARD = gnu99;
				GCC_WARN_64_TO_32_BIT_CONVERSION = YES;
				GCC_WARN_ABOUT_RETURN_TYPE = YES_ERROR;
				GCC_WARN_UNDECLARED_SELECTOR = YES;
				GCC_WARN_UNINITIALIZED_AUTOS = YES_AGGRESSIVE;
				GCC_WARN_UNUSED_FUNCTION = YES;
				GCC_WARN_UNUSED_VARIABLE = YES;
				IPHONEOS_DEPLOYMENT_TARGET = 7.1;
				MTL_ENABLE_DEBUG_INFO = NO;
				SDKROOT = iphoneos;
				TARGETED_DEVICE_FAMILY = "1,2";
				VALIDATE_PRODUCT = YES;
			};
			name = Release;
		};
		19848BE5197440AA00AFCAF5 /* Debug */ = {
			isa = XCBuildConfiguration;
			buildSettings = {
				ASSETCATALOG_COMPILER_APPICON_NAME = AppIcon;
				ASSETCATALOG_COMPILER_LAUNCHIMAGE_NAME = LaunchImage;
				CODE_SIGN_ENTITLEMENTS = externalDisplay/externalDisplay.entitlements;
				CODE_SIGN_IDENTITY = "iPhone Developer";
				"CODE_SIGN_IDENTITY[sdk=iphoneos*]" = "iPhone Developer";
				INFOPLIST_FILE = externalDisplay/Info.plist;
				LD_RUNPATH_SEARCH_PATHS = "$(inherited) @executable_path/Frameworks";
				PRODUCT_NAME = "$(TARGET_NAME)";
				PROVISIONING_PROFILE = "";
			};
			name = Debug;
		};
		19848BE6197440AA00AFCAF5 /* Release */ = {
			isa = XCBuildConfiguration;
			buildSettings = {
				ASSETCATALOG_COMPILER_APPICON_NAME = AppIcon;
				ASSETCATALOG_COMPILER_LAUNCHIMAGE_NAME = LaunchImage;
				CODE_SIGN_ENTITLEMENTS = externalDisplay/externalDisplay.entitlements;
				CODE_SIGN_IDENTITY = "iPhone Developer";
				"CODE_SIGN_IDENTITY[sdk=iphoneos*]" = "iPhone Developer";
				INFOPLIST_FILE = externalDisplay/Info.plist;
				LD_RUNPATH_SEARCH_PATHS = "$(inherited) @executable_path/Frameworks";
				PRODUCT_NAME = "$(TARGET_NAME)";
				PROVISIONING_PROFILE = "";
			};
			name = Release;
		};
		19848BE8197440AA00AFCAF5 /* Debug */ = {
			isa = XCBuildConfiguration;
			buildSettings = {
				BUNDLE_LOADER = "$(BUILT_PRODUCTS_DIR)/externalDisplay.app/externalDisplay";
				FRAMEWORK_SEARCH_PATHS = (
					"$(SDKROOT)/Developer/Library/Frameworks",
					"$(inherited)",
				);
				GCC_PREPROCESSOR_DEFINITIONS = (
					"DEBUG=1",
					"$(inherited)",
				);
				INFOPLIST_FILE = externalDisplayTests/Info.plist;
				LD_RUNPATH_SEARCH_PATHS = "$(inherited) @executable_path/Frameworks @loader_path/Frameworks";
				PRODUCT_NAME = "$(TARGET_NAME)";
				TEST_HOST = "$(BUNDLE_LOADER)";
			};
			name = Debug;
		};
		19848BE9197440AA00AFCAF5 /* Release */ = {
			isa = XCBuildConfiguration;
			buildSettings = {
				BUNDLE_LOADER = "$(BUILT_PRODUCTS_DIR)/externalDisplay.app/externalDisplay";
				FRAMEWORK_SEARCH_PATHS = (
					"$(SDKROOT)/Developer/Library/Frameworks",
					"$(inherited)",
				);
				INFOPLIST_FILE = externalDisplayTests/Info.plist;
				LD_RUNPATH_SEARCH_PATHS = "$(inherited) @executable_path/Frameworks @loader_path/Frameworks";
				PRODUCT_NAME = "$(TARGET_NAME)";
				TEST_HOST = "$(BUNDLE_LOADER)";
			};
			name = Release;
		};
/* End XCBuildConfiguration section */

/* Begin XCConfigurationList section */
		19848BC3197440AA00AFCAF5 /* Build configuration list for PBXProject "externalDisplay" */ = {
			isa = XCConfigurationList;
			buildConfigurations = (
				19848BE2197440AA00AFCAF5 /* Debug */,
				19848BE3197440AA00AFCAF5 /* Release */,
			);
			defaultConfigurationIsVisible = 0;
			defaultConfigurationName = Release;
		};
		19848BE4197440AA00AFCAF5 /* Build configuration list for PBXNativeTarget "externalDisplay" */ = {
			isa = XCConfigurationList;
			buildConfigurations = (
				19848BE5197440AA00AFCAF5 /* Debug */,
				19848BE6197440AA00AFCAF5 /* Release */,
			);
			defaultConfigurationIsVisible = 0;
			defaultConfigurationName = Release;
		};
		19848BE7197440AA00AFCAF5 /* Build configuration list for PBXNativeTarget "externalDisplayTests" */ = {
			isa = XCConfigurationList;
			buildConfigurations = (
				19848BE8197440AA00AFCAF5 /* Debug */,
				19848BE9197440AA00AFCAF5 /* Release */,
			);
			defaultConfigurationIsVisible = 0;
			defaultConfigurationName = Release;
		};
/* End XCConfigurationList section */
	};
	rootObject = 19848BC0197440AA00AFCAF5 /* Project object */;
}
